// !$*UTF8*$!
{
	archiveVersion = 1;
	classes = {
	};
	objectVersion = 50;
	objects = {

/* Begin PBXBuildFile section */
		90CA9DD82485F45C005A74AC /* AppDelegate.swift in Sources */ = {isa = PBXBuildFile; fileRef = 90CA9DD72485F45C005A74AC /* AppDelegate.swift */; };
		90CA9DDA2485F45C005A74AC /* SceneDelegate.swift in Sources */ = {isa = PBXBuildFile; fileRef = 90CA9DD92485F45C005A74AC /* SceneDelegate.swift */; };
		90CA9DDC2485F45C005A74AC /* ViewController.swift in Sources */ = {isa = PBXBuildFile; fileRef = 90CA9DDB2485F45C005A74AC /* ViewController.swift */; };
		90CA9DDF2485F45C005A74AC /* Main.storyboard in Resources */ = {isa = PBXBuildFile; fileRef = 90CA9DDD2485F45C005A74AC /* Main.storyboard */; };
		90CA9DE12485F45F005A74AC /* Assets.xcassets in Resources */ = {isa = PBXBuildFile; fileRef = 90CA9DE02485F45F005A74AC /* Assets.xcassets */; };
		90CA9DE42485F45F005A74AC /* LaunchScreen.storyboard in Resources */ = {isa = PBXBuildFile; fileRef = 90CA9DE22485F45F005A74AC /* LaunchScreen.storyboard */; };
		90CA9DEF2485F45F005A74AC /* LendingLeagueTests.swift in Sources */ = {isa = PBXBuildFile; fileRef = 90CA9DEE2485F45F005A74AC /* LendingLeagueTests.swift */; };
/* End PBXBuildFile section */

/* Begin PBXContainerItemProxy section */
		90CA9DEB2485F45F005A74AC /* PBXContainerItemProxy */ = {
			isa = PBXContainerItemProxy;
			containerPortal = 90CA9DCC2485F45C005A74AC /* Project object */;
			proxyType = 1;
			remoteGlobalIDString = 90CA9DD32485F45C005A74AC;
			remoteInfo = LendingLeague;
		};
/* End PBXContainerItemProxy section */

/* Begin PBXFileReference section */
		90CA9DD42485F45C005A74AC /* LendingLeague.app */ = {isa = PBXFileReference; explicitFileType = wrapper.application; includeInIndex = 0; path = LendingLeague.app; sourceTree = BUILT_PRODUCTS_DIR; };
		90CA9DD72485F45C005A74AC /* AppDelegate.swift */ = {isa = PBXFileReference; lastKnownFileType = sourcecode.swift; path = AppDelegate.swift; sourceTree = "<group>"; };
		90CA9DD92485F45C005A74AC /* SceneDelegate.swift */ = {isa = PBXFileReference; lastKnownFileType = sourcecode.swift; path = SceneDelegate.swift; sourceTree = "<group>"; };
		90CA9DDB2485F45C005A74AC /* ViewController.swift */ = {isa = PBXFileReference; lastKnownFileType = sourcecode.swift; path = ViewController.swift; sourceTree = "<group>"; };
		90CA9DDE2485F45C005A74AC /* Base */ = {isa = PBXFileReference; lastKnownFileType = file.storyboard; name = Base; path = Base.lproj/Main.storyboard; sourceTree = "<group>"; };
		90CA9DE02485F45F005A74AC /* Assets.xcassets */ = {isa = PBXFileReference; lastKnownFileType = folder.assetcatalog; path = Assets.xcassets; sourceTree = "<group>"; };
		90CA9DE32485F45F005A74AC /* Base */ = {isa = PBXFileReference; lastKnownFileType = file.storyboard; name = Base; path = Base.lproj/LaunchScreen.storyboard; sourceTree = "<group>"; };
		90CA9DE52485F45F005A74AC /* Info.plist */ = {isa = PBXFileReference; lastKnownFileType = text.plist.xml; path = Info.plist; sourceTree = "<group>"; };
		90CA9DEA2485F45F005A74AC /* LendingLeagueTests.xctest */ = {isa = PBXFileReference; explicitFileType = wrapper.cfbundle; includeInIndex = 0; path = LendingLeagueTests.xctest; sourceTree = BUILT_PRODUCTS_DIR; };
		90CA9DEE2485F45F005A74AC /* LendingLeagueTests.swift */ = {isa = PBXFileReference; lastKnownFileType = sourcecode.swift; path = LendingLeagueTests.swift; sourceTree = "<group>"; };
		90CA9DF02485F45F005A74AC /* Info.plist */ = {isa = PBXFileReference; lastKnownFileType = text.plist.xml; path = Info.plist; sourceTree = "<group>"; };
/* End PBXFileReference section */

/* Begin PBXFrameworksBuildPhase section */
		90CA9DD12485F45C005A74AC /* Frameworks */ = {
			isa = PBXFrameworksBuildPhase;
			buildActionMask = 2147483647;
			files = (
			);
			runOnlyForDeploymentPostprocessing = 0;
		};
		90CA9DE72485F45F005A74AC /* Frameworks */ = {
			isa = PBXFrameworksBuildPhase;
			buildActionMask = 2147483647;
			files = (
			);
			runOnlyForDeploymentPostprocessing = 0;
		};
/* End PBXFrameworksBuildPhase section */

/* Begin PBXGroup section */
		90CA9DCB2485F45C005A74AC = {
			isa = PBXGroup;
			children = (
				90CA9DD62485F45C005A74AC /* LendingLeague */,
				90CA9DED2485F45F005A74AC /* LendingLeagueTests */,
				90CA9DD52485F45C005A74AC /* Products */,
			);
			sourceTree = "<group>";
		};
		90CA9DD52485F45C005A74AC /* Products */ = {
			isa = PBXGroup;
			children = (
				90CA9DD42485F45C005A74AC /* LendingLeague.app */,
				90CA9DEA2485F45F005A74AC /* LendingLeagueTests.xctest */,
			);
			name = Products;
			sourceTree = "<group>";
		};
		90CA9DD62485F45C005A74AC /* LendingLeague */ = {
			isa = PBXGroup;
			children = (
				90CA9DD72485F45C005A74AC /* AppDelegate.swift */,
				90CA9DD92485F45C005A74AC /* SceneDelegate.swift */,
				90CA9DDB2485F45C005A74AC /* ViewController.swift */,
				90CA9DDD2485F45C005A74AC /* Main.storyboard */,
				90CA9DE02485F45F005A74AC /* Assets.xcassets */,
				90CA9DE22485F45F005A74AC /* LaunchScreen.storyboard */,
				90CA9DE52485F45F005A74AC /* Info.plist */,
			);
			path = LendingLeague;
			sourceTree = "<group>";
		};
		90CA9DED2485F45F005A74AC /* LendingLeagueTests */ = {
			isa = PBXGroup;
			children = (
				90CA9DEE2485F45F005A74AC /* LendingLeagueTests.swift */,
				90CA9DF02485F45F005A74AC /* Info.plist */,
			);
			path = LendingLeagueTests;
			sourceTree = "<group>";
		};
/* End PBXGroup section */

/* Begin PBXNativeTarget section */
		90CA9DD32485F45C005A74AC /* LendingLeague */ = {
			isa = PBXNativeTarget;
			buildConfigurationList = 90CA9DF32485F45F005A74AC /* Build configuration list for PBXNativeTarget "LendingLeague" */;
			buildPhases = (
				90CA9DD02485F45C005A74AC /* Sources */,
				90CA9DD12485F45C005A74AC /* Frameworks */,
				90CA9DD22485F45C005A74AC /* Resources */,
			);
			buildRules = (
			);
			dependencies = (
			);
			name = LendingLeague;
			productName = LendingLeague;
			productReference = 90CA9DD42485F45C005A74AC /* LendingLeague.app */;
			productType = "com.apple.product-type.application";
		};
		90CA9DE92485F45F005A74AC /* LendingLeagueTests */ = {
			isa = PBXNativeTarget;
			buildConfigurationList = 90CA9DF62485F45F005A74AC /* Build configuration list for PBXNativeTarget "LendingLeagueTests" */;
			buildPhases = (
				90CA9DE62485F45F005A74AC /* Sources */,
				90CA9DE72485F45F005A74AC /* Frameworks */,
				90CA9DE82485F45F005A74AC /* Resources */,
			);
			buildRules = (
			);
			dependencies = (
				90CA9DEC2485F45F005A74AC /* PBXTargetDependency */,
			);
			name = LendingLeagueTests;
			productName = LendingLeagueTests;
			productReference = 90CA9DEA2485F45F005A74AC /* LendingLeagueTests.xctest */;
			productType = "com.apple.product-type.bundle.unit-test";
		};
/* End PBXNativeTarget section */

/* Begin PBXProject section */
		90CA9DCC2485F45C005A74AC /* Project object */ = {
			isa = PBXProject;
			attributes = {
				LastSwiftUpdateCheck = 1150;
				LastUpgradeCheck = 1150;
				ORGANIZATIONNAME = "Sanjeev Nookala";
				TargetAttributes = {
					90CA9DD32485F45C005A74AC = {
						CreatedOnToolsVersion = 11.5;
					};
					90CA9DE92485F45F005A74AC = {
						CreatedOnToolsVersion = 11.5;
						TestTargetID = 90CA9DD32485F45C005A74AC;
					};
				};
			};
			buildConfigurationList = 90CA9DCF2485F45C005A74AC /* Build configuration list for PBXProject "LendingLeague" */;
			compatibilityVersion = "Xcode 9.3";
			developmentRegion = en;
			hasScannedForEncodings = 0;
			knownRegions = (
				en,
				Base,
			);
			mainGroup = 90CA9DCB2485F45C005A74AC;
			productRefGroup = 90CA9DD52485F45C005A74AC /* Products */;
			projectDirPath = "";
			projectRoot = "";
			targets = (
				90CA9DD32485F45C005A74AC /* LendingLeague */,
				90CA9DE92485F45F005A74AC /* LendingLeagueTests */,
			);
		};
/* End PBXProject section */

/* Begin PBXResourcesBuildPhase section */
		90CA9DD22485F45C005A74AC /* Resources */ = {
			isa = PBXResourcesBuildPhase;
			buildActionMask = 2147483647;
			files = (
				90CA9DE42485F45F005A74AC /* LaunchScreen.storyboard in Resources */,
				90CA9DE12485F45F005A74AC /* Assets.xcassets in Resources */,
				90CA9DDF2485F45C005A74AC /* Main.storyboard in Resources */,
			);
			runOnlyForDeploymentPostprocessing = 0;
		};
		90CA9DE82485F45F005A74AC /* Resources */ = {
			isa = PBXResourcesBuildPhase;
			buildActionMask = 2147483647;
			files = (
			);
			runOnlyForDeploymentPostprocessing = 0;
		};
/* End PBXResourcesBuildPhase section */

/* Begin PBXSourcesBuildPhase section */
		90CA9DD02485F45C005A74AC /* Sources */ = {
			isa = PBXSourcesBuildPhase;
			buildActionMask = 2147483647;
			files = (
				90CA9DDC2485F45C005A74AC /* ViewController.swift in Sources */,
				90CA9DD82485F45C005A74AC /* AppDelegate.swift in Sources */,
				90CA9DDA2485F45C005A74AC /* SceneDelegate.swift in Sources */,
			);
			runOnlyForDeploymentPostprocessing = 0;
		};
		90CA9DE62485F45F005A74AC /* Sources */ = {
			isa = PBXSourcesBuildPhase;
			buildActionMask = 2147483647;
			files = (
				90CA9DEF2485F45F005A74AC /* LendingLeagueTests.swift in Sources */,
			);
			runOnlyForDeploymentPostprocessing = 0;
		};
/* End PBXSourcesBuildPhase section */

/* Begin PBXTargetDependency section */
		90CA9DEC2485F45F005A74AC /* PBXTargetDependency */ = {
			isa = PBXTargetDependency;
			target = 90CA9DD32485F45C005A74AC /* LendingLeague */;
			targetProxy = 90CA9DEB2485F45F005A74AC /* PBXContainerItemProxy */;
		};
/* End PBXTargetDependency section */

/* Begin PBXVariantGroup section */
		90CA9DDD2485F45C005A74AC /* Main.storyboard */ = {
			isa = PBXVariantGroup;
			children = (
				90CA9DDE2485F45C005A74AC /* Base */,
			);
			name = Main.storyboard;
			sourceTree = "<group>";
		};
		90CA9DE22485F45F005A74AC /* LaunchScreen.storyboard */ = {
			isa = PBXVariantGroup;
			children = (
				90CA9DE32485F45F005A74AC /* Base */,
			);
			name = LaunchScreen.storyboard;
			sourceTree = "<group>";
		};
/* End PBXVariantGroup section */

/* Begin XCBuildConfiguration section */
		90CA9DF12485F45F005A74AC /* Debug */ = {
			isa = XCBuildConfiguration;
			buildSettings = {
				ALWAYS_SEARCH_USER_PATHS = NO;
				CLANG_ANALYZER_NONNULL = YES;
				CLANG_ANALYZER_NUMBER_OBJECT_CONVERSION = YES_AGGRESSIVE;
				CLANG_CXX_LANGUAGE_STANDARD = "gnu++14";
				CLANG_CXX_LIBRARY = "libc++";
				CLANG_ENABLE_MODULES = YES;
				CLANG_ENABLE_OBJC_ARC = YES;
				CLANG_ENABLE_OBJC_WEAK = YES;
				CLANG_WARN_BLOCK_CAPTURE_AUTORELEASING = YES;
				CLANG_WARN_BOOL_CONVERSION = YES;
				CLANG_WARN_COMMA = YES;
				CLANG_WARN_CONSTANT_CONVERSION = YES;
				CLANG_WARN_DEPRECATED_OBJC_IMPLEMENTATIONS = YES;
				CLANG_WARN_DIRECT_OBJC_ISA_USAGE = YES_ERROR;
				CLANG_WARN_DOCUMENTATION_COMMENTS = YES;
				CLANG_WARN_EMPTY_BODY = YES;
				CLANG_WARN_ENUM_CONVERSION = YES;
				CLANG_WARN_INFINITE_RECURSION = YES;
				CLANG_WARN_INT_CONVERSION = YES;
				CLANG_WARN_NON_LITERAL_NULL_CONVERSION = YES;
				CLANG_WARN_OBJC_IMPLICIT_RETAIN_SELF = YES;
				CLANG_WARN_OBJC_LITERAL_CONVERSION = YES;
				CLANG_WARN_OBJC_ROOT_CLASS = YES_ERROR;
				CLANG_WARN_RANGE_LOOP_ANALYSIS = YES;
				CLANG_WARN_STRICT_PROTOTYPES = YES;
				CLANG_WARN_SUSPICIOUS_MOVE = YES;
				CLANG_WARN_UNGUARDED_AVAILABILITY = YES_AGGRESSIVE;
				CLANG_WARN_UNREACHABLE_CODE = YES;
				CLANG_WARN__DUPLICATE_METHOD_MATCH = YES;
				COPY_PHASE_STRIP = NO;
				DEBUG_INFORMATION_FORMAT = dwarf;
				ENABLE_STRICT_OBJC_MSGSEND = YES;
				ENABLE_TESTABILITY = YES;
				GCC_C_LANGUAGE_STANDARD = gnu11;
				GCC_DYNAMIC_NO_PIC = NO;
				GCC_NO_COMMON_BLOCKS = YES;
				GCC_OPTIMIZATION_LEVEL = 0;
				GCC_PREPROCESSOR_DEFINITIONS = (
					"DEBUG=1",
					"$(inherited)",
				);
				GCC_WARN_64_TO_32_BIT_CONVERSION = YES;
				GCC_WARN_ABOUT_RETURN_TYPE = YES_ERROR;
				GCC_WARN_UNDECLARED_SELECTOR = YES;
				GCC_WARN_UNINITIALIZED_AUTOS = YES_AGGRESSIVE;
				GCC_WARN_UNUSED_FUNCTION = YES;
				GCC_WARN_UNUSED_VARIABLE = YES;
				IPHONEOS_DEPLOYMENT_TARGET = 13.5;
				MTL_ENABLE_DEBUG_INFO = INCLUDE_SOURCE;
				MTL_FAST_MATH = YES;
				ONLY_ACTIVE_ARCH = YES;
				SDKROOT = iphoneos;
				SWIFT_ACTIVE_COMPILATION_CONDITIONS = DEBUG;
				SWIFT_OPTIMIZATION_LEVEL = "-Onone";
			};
			name = Debug;
		};
		90CA9DF22485F45F005A74AC /* Release */ = {
			isa = XCBuildConfiguration;
			buildSettings = {
				ALWAYS_SEARCH_USER_PATHS = NO;
				CLANG_ANALYZER_NONNULL = YES;
				CLANG_ANALYZER_NUMBER_OBJECT_CONVERSION = YES_AGGRESSIVE;
				CLANG_CXX_LANGUAGE_STANDARD = "gnu++14";
				CLANG_CXX_LIBRARY = "libc++";
				CLANG_ENABLE_MODULES = YES;
				CLANG_ENABLE_OBJC_ARC = YES;
				CLANG_ENABLE_OBJC_WEAK = YES;
				CLANG_WARN_BLOCK_CAPTURE_AUTORELEASING = YES;
				CLANG_WARN_BOOL_CONVERSION = YES;
				CLANG_WARN_COMMA = YES;
				CLANG_WARN_CONSTANT_CONVERSION = YES;
				CLANG_WARN_DEPRECATED_OBJC_IMPLEMENTATIONS = YES;
				CLANG_WARN_DIRECT_OBJC_ISA_USAGE = YES_ERROR;
				CLANG_WARN_DOCUMENTATION_COMMENTS = YES;
				CLANG_WARN_EMPTY_BODY = YES;
				CLANG_WARN_ENUM_CONVERSION = YES;
				CLANG_WARN_INFINITE_RECURSION = YES;
				CLANG_WARN_INT_CONVERSION = YES;
				CLANG_WARN_NON_LITERAL_NULL_CONVERSION = YES;
				CLANG_WARN_OBJC_IMPLICIT_RETAIN_SELF = YES;
				CLANG_WARN_OBJC_LITERAL_CONVERSION = YES;
				CLANG_WARN_OBJC_ROOT_CLASS = YES_ERROR;
				CLANG_WARN_RANGE_LOOP_ANALYSIS = YES;
				CLANG_WARN_STRICT_PROTOTYPES = YES;
				CLANG_WARN_SUSPICIOUS_MOVE = YES;
				CLANG_WARN_UNGUARDED_AVAILABILITY = YES_AGGRESSIVE;
				CLANG_WARN_UNREACHABLE_CODE = YES;
				CLANG_WARN__DUPLICATE_METHOD_MATCH = YES;
				COPY_PHASE_STRIP = NO;
				DEBUG_INFORMATION_FORMAT = "dwarf-with-dsym";
				ENABLE_NS_ASSERTIONS = NO;
				ENABLE_STRICT_OBJC_MSGSEND = YES;
				GCC_C_LANGUAGE_STANDARD = gnu11;
				GCC_NO_COMMON_BLOCKS = YES;
				GCC_WARN_64_TO_32_BIT_CONVERSION = YES;
				GCC_WARN_ABOUT_RETURN_TYPE = YES_ERROR;
				GCC_WARN_UNDECLARED_SELECTOR = YES;
				GCC_WARN_UNINITIALIZED_AUTOS = YES_AGGRESSIVE;
				GCC_WARN_UNUSED_FUNCTION = YES;
				GCC_WARN_UNUSED_VARIABLE = YES;
				IPHONEOS_DEPLOYMENT_TARGET = 13.5;
				MTL_ENABLE_DEBUG_INFO = NO;
				MTL_FAST_MATH = YES;
				SDKROOT = iphoneos;
				SWIFT_COMPILATION_MODE = wholemodule;
				SWIFT_OPTIMIZATION_LEVEL = "-O";
				VALIDATE_PRODUCT = YES;
			};
			name = Release;
		};
		90CA9DF42485F45F005A74AC /* Debug */ = {
			isa = XCBuildConfiguration;
			buildSettings = {
				ASSETCATALOG_COMPILER_APPICON_NAME = AppIcon;
				CODE_SIGN_STYLE = Automatic;
				INFOPLIST_FILE = LendingLeague/Info.plist;
				LD_RUNPATH_SEARCH_PATHS = (
					"$(inherited)",
					"@executable_path/Frameworks",
				);
				PRODUCT_BUNDLE_IDENTIFIER = com.example.LendingLeague;
				PRODUCT_NAME = "$(TARGET_NAME)";
				SWIFT_VERSION = 5.0;
				TARGETED_DEVICE_FAMILY = "1,2";
			};
			name = Debug;
		};
		90CA9DF52485F45F005A74AC /* Release */ = {
			isa = XCBuildConfiguration;
			buildSettings = {
				ASSETCATALOG_COMPILER_APPICON_NAME = AppIcon;
				CODE_SIGN_STYLE = Automatic;
				INFOPLIST_FILE = LendingLeague/Info.plist;
				LD_RUNPATH_SEARCH_PATHS = (
					"$(inherited)",
					"@executable_path/Frameworks",
				);
				PRODUCT_BUNDLE_IDENTIFIER = com.example.LendingLeague;
				PRODUCT_NAME = "$(TARGET_NAME)";
				SWIFT_VERSION = 5.0;
				TARGETED_DEVICE_FAMILY = "1,2";
			};
			name = Release;
		};
		90CA9DF72485F45F005A74AC /* Debug */ = {
			isa = XCBuildConfiguration;
			buildSettings = {
				ALWAYS_EMBED_SWIFT_STANDARD_LIBRARIES = YES;
				BUNDLE_LOADER = "$(TEST_HOST)";
				CODE_SIGN_STYLE = Automatic;
				INFOPLIST_FILE = LendingLeagueTests/Info.plist;
				IPHONEOS_DEPLOYMENT_TARGET = 13.5;
				LD_RUNPATH_SEARCH_PATHS = (
					"$(inherited)",
					"@executable_path/Frameworks",
					"@loader_path/Frameworks",
				);
				PRODUCT_BUNDLE_IDENTIFIER = com.example.LendingLeagueTests;
				PRODUCT_NAME = "$(TARGET_NAME)";
				SWIFT_VERSION = 5.0;
				TARGETED_DEVICE_FAMILY = "1,2";
				TEST_HOST = "$(BUILT_PRODUCTS_DIR)/LendingLeague.app/LendingLeague";
			};
			name = Debug;
		};
		90CA9DF82485F45F005A74AC /* Release */ = {
			isa = XCBuildConfiguration;
			buildSettings = {
				ALWAYS_EMBED_SWIFT_STANDARD_LIBRARIES = YES;
				BUNDLE_LOADER = "$(TEST_HOST)";
				CODE_SIGN_STYLE = Automatic;
				INFOPLIST_FILE = LendingLeagueTests/Info.plist;
				IPHONEOS_DEPLOYMENT_TARGET = 13.5;
				LD_RUNPATH_SEARCH_PATHS = (
					"$(inherited)",
					"@executable_path/Frameworks",
					"@loader_path/Frameworks",
				);
				PRODUCT_BUNDLE_IDENTIFIER = com.example.LendingLeagueTests;
				PRODUCT_NAME = "$(TARGET_NAME)";
				SWIFT_VERSION = 5.0;
				TARGETED_DEVICE_FAMILY = "1,2";
				TEST_HOST = "$(BUILT_PRODUCTS_DIR)/LendingLeague.app/LendingLeague";
			};
			name = Release;
		};
/* End XCBuildConfiguration section */

/* Begin XCConfigurationList section */
		90CA9DCF2485F45C005A74AC /* Build configuration list for PBXProject "LendingLeague" */ = {
			isa = XCConfigurationList;
			buildConfigurations = (
				90CA9DF12485F45F005A74AC /* Debug */,
				90CA9DF22485F45F005A74AC /* Release */,
			);
			defaultConfigurationIsVisible = 0;
			defaultConfigurationName = Release;
		};
		90CA9DF32485F45F005A74AC /* Build configuration list for PBXNativeTarget "LendingLeague" */ = {
			isa = XCConfigurationList;
			buildConfigurations = (
				90CA9DF42485F45F005A74AC /* Debug */,
				90CA9DF52485F45F005A74AC /* Release */,
			);
			defaultConfigurationIsVisible = 0;
			defaultConfigurationName = Release;
		};
		90CA9DF62485F45F005A74AC /* Build configuration list for PBXNativeTarget "LendingLeagueTests" */ = {
			isa = XCConfigurationList;
			buildConfigurations = (
				90CA9DF72485F45F005A74AC /* Debug */,
				90CA9DF82485F45F005A74AC /* Release */,
			);
			defaultConfigurationIsVisible = 0;
			defaultConfigurationName = Release;
		};
/* End XCConfigurationList section */
	};
	rootObject = 90CA9DCC2485F45C005A74AC /* Project object */;
}
